{
  "requires": true,
  "lockfileVersion": 1,
  "dependencies": {
    "@babel/runtime": {
      "version": "7.16.3",
      "resolved": "https://registry.npmjs.org/@babel/runtime/-/runtime-7.16.3.tgz",
      "integrity": "sha512-WBwekcqacdY2e9AF/Q7WLFUWmdJGJTkbjqTjoMDgXkVZ3ZRUvOPsLb5KdwISoQVsbP+DQzVZW4Zhci0DvpbNTQ==",
      "requires": {
        "regenerator-runtime": "^0.13.4"
      }
    },
    "@juggle/resize-observer": {
      "version": "3.3.1",
      "resolved": "https://registry.npmjs.org/@juggle/resize-observer/-/resize-observer-3.3.1.tgz",
      "integrity": "sha512-zMM9Ds+SawiUkakS7y94Ymqx+S0ORzpG3frZirN3l+UlXUmSUR7hF4wxCVqW+ei94JzV5kt0uXBcoOEAuiydrw=="
    },
    "@rsuite/icon-font": {
      "version": "4.0.0",
      "resolved": "https://registry.npmjs.org/@rsuite/icon-font/-/icon-font-4.0.0.tgz",
      "integrity": "sha512-rZTgpTH3H3HLczCA2rnkWfoMKm0ZXoRzsrkVujfP/FfslnKUMvO6w56pa8pCvhWGpNEPUsLS2ULnFGpTEcup/Q=="
    },
    "@rsuite/icons": {
      "version": "1.0.2",
      "resolved": "https://registry.npmjs.org/@rsuite/icons/-/icons-1.0.2.tgz",
      "integrity": "sha512-Y7vJNDQpJnFlyYSUXQ2iQ9Meg7+ZKcrIenhpYDdM3c7vYDE/L7pml+hrK28jk6QfV/QkVv5B504D+l7aM6AAJQ==",
      "requires": {
        "@rsuite/icon-font": "^4.0.0",
        "classnames": "^2.2.5",
        "insert-css": "^2.0.0",
        "lodash": "^4.17.20"
      }
    },
    "@types/chai": {
      "version": "4.2.22",
      "resolved": "https://registry.npmjs.org/@types/chai/-/chai-4.2.22.tgz",
      "integrity": "sha512-tFfcE+DSTzWAgifkjik9AySNqIyNoYwmR+uecPwwD/XRNfvOjmC/FjCxpiUGDkDVDphPfCUecSQVFw+lN3M3kQ=="
    },
    "@types/lodash": {
      "version": "4.14.177",
      "resolved": "https://registry.npmjs.org/@types/lodash/-/lodash-4.14.177.tgz",
      "integrity": "sha512-0fDwydE2clKe9MNfvXHBHF9WEahRuj+msTuQqOmAApNORFvhMYZKNGGJdCzuhheVjMps/ti0Ak/iJPACMaevvw=="
    },
    "@types/prop-types": {
      "version": "15.7.4",
      "resolved": "https://registry.npmjs.org/@types/prop-types/-/prop-types-15.7.4.tgz",
      "integrity": "sha512-rZ5drC/jWjrArrS8BR6SIr4cWpW09RNTYt9AMZo3Jwwif+iacXAqgVjm0B0Bv/S1jhDXKHqRVNCbACkJ89RAnQ=="
    },
    "@types/react": {
      "version": "17.0.36",
      "resolved": "https://registry.npmjs.org/@types/react/-/react-17.0.36.tgz",
      "integrity": "sha512-CUFUp01OdfbpN/76v4koqgcpcRGT3sYOq3U3N6q0ZVGcyeP40NUdVU+EWe3hs34RNaTefiYyBzOpxBBidCc5zw==",
      "requires": {
        "@types/prop-types": "*",
        "@types/scheduler": "*",
        "csstype": "^3.0.2"
      }
    },
    "@types/react-virtualized": {
      "version": "9.21.15",
      "resolved": "https://registry.npmjs.org/@types/react-virtualized/-/react-virtualized-9.21.15.tgz",
      "integrity": "sha512-R4ntUW+Y/a7RgRpfeYz3iRe+kaDWtXieMeQum4AoYjjZsR/QhpKqFu4muSBhzA7OHJHd6qA0KkeTzxj5ah5tmQ==",
      "requires": {
        "@types/prop-types": "*",
        "@types/react": "*"
      }
    },
    "@types/scheduler": {
      "version": "0.16.2",
      "resolved": "https://registry.npmjs.org/@types/scheduler/-/scheduler-0.16.2.tgz",
      "integrity": "sha512-hppQEBDmlwhFAXKJX2KnWLYu5yMfi91yazPb2l+lbJiwW+wdo1gNeRA+3RgNSO39WYX2euey41KEwnqesU2Jew=="
    },
    "classnames": {
      "version": "2.3.1",
      "resolved": "https://registry.npmjs.org/classnames/-/classnames-2.3.1.tgz",
      "integrity": "sha512-OlQdbZ7gLfGarSqxesMesDa5uz7KFbID8Kpq/SxIoNGDqY8lSYs0D+hhtBXhcdB3rcbXArFr7vlHheLk1voeNA=="
    },
    "clsx": {
      "version": "1.1.1",
      "resolved": "https://registry.npmjs.org/clsx/-/clsx-1.1.1.tgz",
      "integrity": "sha512-6/bPho624p3S2pMyvP5kKBPXnI3ufHLObBFCfgx+LkeR5lg2XYy2hqZqUf45ypD8COn2bhgGJSUE+l5dhNBieA=="
    },
    "csstype": {
      "version": "3.0.10",
      "resolved": "https://registry.npmjs.org/csstype/-/csstype-3.0.10.tgz",
      "integrity": "sha512-2u44ZG2OcNUO9HDp/Jl8C07x6pU/eTR3ncV91SiK3dhG9TWvRVsCoJw14Ckx5DgWkzGA3waZWO3d7pgqpUI/XA=="
    },
    "date-fns": {
      "version": "2.26.0",
      "resolved": "https://registry.npmjs.org/date-fns/-/date-fns-2.26.0.tgz",
      "integrity": "sha512-VQI812dRi3cusdY/fhoBKvc6l2W8BPWU1FNVnFH9Nttjx4AFBRzfSVb/Eyc7jBT6e9sg1XtAGsYpBQ6c/jygbg=="
    },
    "dom-helpers": {
      "version": "5.2.1",
      "resolved": "https://registry.npmjs.org/dom-helpers/-/dom-helpers-5.2.1.tgz",
      "integrity": "sha512-nRCa7CK3VTrM2NmGkIy4cbK7IZlgBE/PYMn55rrXefr5xXDP0LdtfPnblFDoVdcAfslJ7or6iqAUnx0CCGIWQA==",
      "requires": {
        "@babel/runtime": "^7.8.7",
        "csstype": "^3.0.2"
      }
    },
    "dom-lib": {
      "version": "3.0.0",
      "resolved": "https://registry.npmjs.org/dom-lib/-/dom-lib-3.0.0.tgz",
      "integrity": "sha512-3US7OyceYve90NSU4MhuE0lK4a7aB1hbb14h45v3CPV/ZolLoEOeuPrdS/A0L8kLnwgVCDiKwlPy/Ajq0u9vfA==",
      "requires": {
        "@babel/runtime": "^7.16.0"
      }
    },
    "insert-css": {
      "version": "2.0.0",
      "resolved": "https://registry.npmjs.org/insert-css/-/insert-css-2.0.0.tgz",
      "integrity": "sha1-610Ql7dUL0x56jBg067gfQU4gPQ="
    },
    "js-tokens": {
      "version": "4.0.0",
      "resolved": "https://registry.npmjs.org/js-tokens/-/js-tokens-4.0.0.tgz",
      "integrity": "sha512-RdJUflcE3cUzKiMqQgsCu06FPu9UdIJO0beYbPhHN4k6apgJtifcoCtT9bcxOpYBtpD2kCM6Sbzg4CausW/PKQ=="
    },
    "lodash": {
      "version": "4.17.21",
      "resolved": "https://registry.npmjs.org/lodash/-/lodash-4.17.21.tgz",
      "integrity": "sha512-v2kDEe57lecTulaDIuNTPy3Ry4gLGJ6Z1O3vE1krgXZNrsQ+LFTGHVxVjcXPs17LhbZVGedAJv8XZ1tvj5FvSg=="
    },
    "loose-envify": {
      "version": "1.4.0",
      "resolved": "https://registry.npmjs.org/loose-envify/-/loose-envify-1.4.0.tgz",
      "integrity": "sha512-lyuxPGr/Wfhrlem2CL/UcnUc1zcqKAImBDzukY7Y5F/yQiNdko6+fRLevlw1HgMySw7f611UIY408EtxRSoK3Q==",
      "requires": {
        "js-tokens": "^3.0.0 || ^4.0.0"
      }
    },
    "object-assign": {
      "version": "4.1.1",
      "resolved": "https://registry.npmjs.org/object-assign/-/object-assign-4.1.1.tgz",
      "integrity": "sha1-IQmtx5ZYh8/AXLvUQsrIv7s2CGM="
    },
    "prop-types": {
      "version": "15.7.2",
      "resolved": "https://registry.npmjs.org/prop-types/-/prop-types-15.7.2.tgz",
      "integrity": "sha512-8QQikdH7//R2vurIJSutZ1smHYTcLpRWEOlHnzcWHmBYrOGUysKwSsrC89BCiFj3CbrfJ/nXFdJepOVrY1GCHQ==",
      "requires": {
        "loose-envify": "^1.4.0",
        "object-assign": "^4.1.1",
        "react-is": "^16.8.1"
      }
    },
    "react-is": {
      "version": "16.13.1",
      "resolved": "https://registry.npmjs.org/react-is/-/react-is-16.13.1.tgz",
      "integrity": "sha512-24e6ynE2H+OKt4kqsOvNd8kBpV65zoxbA4BVsEOB3ARVWQki/DHzaUoC5KuON/BiccDaCCTZBuOcfZs70kR8bQ=="
    },
    "react-lifecycles-compat": {
      "version": "3.0.4",
      "resolved": "https://registry.npmjs.org/react-lifecycles-compat/-/react-lifecycles-compat-3.0.4.tgz",
      "integrity": "sha512-fBASbA6LnOU9dOU2eW7aQ8xmYBSXUIWr+UmF9b1efZBazGNO+rcXT/icdKnYm2pTwcRylVUYwW7H1PHfLekVzA=="
    },
    "react-virtualized": {
      "version": "9.22.3",
      "resolved": "https://registry.npmjs.org/react-virtualized/-/react-virtualized-9.22.3.tgz",
      "integrity": "sha512-MKovKMxWTcwPSxE1kK1HcheQTWfuCxAuBoSTf2gwyMM21NdX/PXUhnoP8Uc5dRKd+nKm8v41R36OellhdCpkrw==",
      "requires": {
        "@babel/runtime": "^7.7.2",
        "clsx": "^1.0.4",
        "dom-helpers": "^5.1.3",
        "loose-envify": "^1.4.0",
        "prop-types": "^15.7.2",
        "react-lifecycles-compat": "^3.0.4"
      }
    },
    "regenerator-runtime": {
      "version": "0.13.9",
      "resolved": "https://registry.npmjs.org/regenerator-runtime/-/regenerator-runtime-0.13.9.tgz",
      "integrity": "sha512-p3VT+cOEgxFsRRA9X4lkI1E+k2/CtnKtU4gcxyaCUreilL/vqI6CdZ3wxVUx3UOUg+gnUOQQcRI7BmSI656MYA=="
    },
    "rsuite": {
      "version": "5.2.2",
      "resolved": "https://registry.npmjs.org/rsuite/-/rsuite-5.2.2.tgz",
      "integrity": "sha512-o+aEB5HBNjUq/Fd5gadjz/mq9V2uzLYFG85D7izKKbPG4L0rEMMHkgRfBAbyFTJGRoBuX4qNCWBDpF+/wgPAnQ==",
      "requires": {
        "@babel/runtime": "^7.8.4",
        "@juggle/resize-observer": "^3.3.1",
        "@rsuite/icons": "^1.0.2",
        "@types/chai": "^4.2.18",
        "@types/lodash": "^4.14.134",
        "@types/prop-types": "^15.7.1",
        "@types/react-virtualized": "^9.21.11",
        "classnames": "^2.3.1",
        "date-fns": "^2.13.0",
        "dom-lib": "^3.0.0",
        "lodash": "^4.17.11",
        "prop-types": "^15.7.2",
        "react-virtualized": "^9.22.3",
        "rsuite-table": "^5.2.0",
        "schema-typed": "^2.0.2"
      }
    },
    "rsuite-table": {
      "version": "5.2.0",
      "resolved": "https://registry.npmjs.org/rsuite-table/-/rsuite-table-5.2.0.tgz",
      "integrity": "sha512-MiJtfZYSMXqaUdEFQ0Q5A5mNjiB0upZumoqMyd0WGsJDC6Ff8tbnMEDBbcMcQ6GcL2MSJoxi1vz3kIo/mZ1Wew==",
      "requires": {
        "@babel/runtime": "^7.12.5",
        "@juggle/resize-observer": "^3.3.1",
        "@rsuite/icons": "^1.0.0",
        "classnames": "^2.2.5",
        "dom-lib": "^3.0.0",
        "lodash": "^4.17.21"
      }
    },
    "schema-typed": {
      "version": "2.0.2",
      "resolved": "https://registry.npmjs.org/schema-typed/-/schema-typed-2.0.2.tgz",
      "integrity": "sha512-E8GAANjZ8oYwyQJEyf/93W1QERTCwu8N7aMUbgBWbYvqzZE8f/kAZaL5D9knr7yLEgMnwJQ4pd8x8EVZ0PpzUA==",
      "requires": {
        "@babel/runtime": "^7.16.0"
      }
    }
  }
}
